<?xml version="1.0" encoding="utf-8"?>
<Project ToolsVersion="4.0" xmlns="http://schemas.microsoft.com/developer/msbuild/2003">
  <ItemGroup>
    <Filter Include="Fichiers sources">
      <UniqueIdentifier>{4FC737F1-C7A5-4376-A066-2A32D752A2FF}</UniqueIdentifier>
      <Extensions>cpp;c;cc;cxx;def;odl;idl;hpj;bat;asm;asmx</Extensions>
    </Filter>
    <Filter Include="Fichiers d%27en-tête">
      <UniqueIdentifier>{93995380-89BD-4b04-88EB-625FBE52EBFB}</UniqueIdentifier>
      <Extensions>h;hh;hpp;hxx;hm;inl;inc;ipp;xsd</Extensions>
    </Filter>
    <Filter Include="Fichiers de ressources">
      <UniqueIdentifier>{67DA6AB6-F800-4c08-8B7A-83BB121AAD01}</UniqueIdentifier>
      <Extensions>rc;ico;cur;bmp;dlg;rc2;rct;bin;rgs;gif;jpg;jpeg;jpe;resx;tiff;tif;png;wav;mfcribbon-ms</Extensions>
    </Filter>
    <Filter Include="Fichiers d%27en-tête\Network">
      <UniqueIdentifier>{15615ba6-57ff-405c-ae5e-1588dbc0b954}</UniqueIdentifier>
    </Filter>
  </ItemGroup>
  <ItemGroup>
    <ClCompile Include="Server.cpp">
      <Filter>Fichiers sources</Filter>
    </ClCompile>
    <ClCompile Include="Socket.cpp">
      <Filter>Fichiers sources</Filter>
    </ClCompile>
    <ClCompile Include="Client.cpp">
      <Filter>Fichiers sources</Filter>
    </ClCompile>
    <ClCompile Include="Event.cpp">
      <Filter>Fichiers sources</Filter>
    </ClCompile>
    <ClCompile Include="Serializer.cpp">
      <Filter>Fichiers sources</Filter>
    </ClCompile>
    <ClCompile Include="Message.cpp">
      <Filter>Fichiers sources</Filter>
    </ClCompile>
    <ClCompile Include="ServerUDP.cpp">
      <Filter>Fichiers sources</Filter>
    </ClCompile>
    <ClCompile Include="ClientUDP.cpp">
      <Filter>Fichiers sources</Filter>
    </ClCompile>
    <ClCompile Include="ServerV2.cpp">
      <Filter>Fichiers sources</Filter>
    </ClCompile>
    <ClCompile Include="SocketException.cpp">
      <Filter>Fichiers sources</Filter>
    </ClCompile>
    <ClCompile Include="MsgSystem.cpp">
      <Filter>Fichiers sources</Filter>
    </ClCompile>
    <ClCompile Include="ClientV2.cpp">
      <Filter>Fichiers sources</Filter>
    </ClCompile>
  </ItemGroup>
  <ItemGroup>
    <ClInclude Include="..\includes\Network.h">
      <Filter>Fichiers d%27en-tête</Filter>
    </ClInclude>
    <ClInclude Include="..\includes\Utils.h">
      <Filter>Fichiers d%27en-tête</Filter>
    </ClInclude>
    <ClInclude Include="..\includes\Exports.h">
      <Filter>Fichiers d%27en-tête</Filter>
    </ClInclude>
    <ClInclude Include="..\includes\Network\Server.h">
      <Filter>Fichiers d%27en-tête\Network</Filter>
    </ClInclude>
    <ClInclude Include="..\includes\Network\Socket.h">
      <Filter>Fichiers d%27en-tête\Network</Filter>
    </ClInclude>
    <ClInclude Include="..\includes\Network\Client.h">
      <Filter>Fichiers d%27en-tête\Network</Filter>
    </ClInclude>
    <ClInclude Include="..\includes\Network\Event.h">
      <Filter>Fichiers d%27en-tête\Network</Filter>
    </ClInclude>
    <ClInclude Include="..\includes\Network\Serializer.h">
      <Filter>Fichiers d%27en-tête\Network</Filter>
    </ClInclude>
    <ClInclude Include="..\includes\Network\Message.h">
      <Filter>Fichiers d%27en-tête\Network</Filter>
    </ClInclude>
    <ClInclude Include="..\includes\Network\ClientUDP.h">
      <Filter>Fichiers d%27en-tête\Network</Filter>
    </ClInclude>
    <ClInclude Include="..\includes\Network\ServerUDP.h">
      <Filter>Fichiers d%27en-tête\Network</Filter>
    </ClInclude>
    <ClInclude Include="..\includes\Network\ServerV2.h">
      <Filter>Fichiers d%27en-tête\Network</Filter>
    </ClInclude>
    <ClInclude Include="..\includes\Network\SocketException.h">
      <Filter>Fichiers d%27en-tête\Network</Filter>
    </ClInclude>
    <ClInclude Include="..\includes\Network\MsgSystem.h">
      <Filter>Fichiers d%27en-tête\Network</Filter>
    </ClInclude>
    <ClInclude Include="..\includes\Network\ClientV2.h">
      <Filter>Fichiers d%27en-tête\Network</Filter>
    </ClInclude>
  </ItemGroup>
  <ItemGroup>
    <None Include="..\includes\Network\Server.inl">
      <Filter>Fichiers d%27en-tête\Network</Filter>
    </None>
    <None Include="..\includes\Network\Client.inl">
      <Filter>Fichiers d%27en-tête\Network</Filter>
    </None>
    <None Include="..\includes\Network\Serializer.inl">
      <Filter>Fichiers d%27en-tête\Network</Filter>
    </None>
  </ItemGroup>
</Project>